{
	"name": "ui",
	"version": "0.0.0",
	"lockfileVersion": 1,
	"requires": true,
	"dependencies": {
		"@babel/runtime": {
			"version": "7.14.6",
			"resolved": "https://registry.nlark.com/@babel/runtime/download/@babel/runtime-7.14.6.tgz?cache=0&sync_timestamp=1623708311372&other_urls=https%3A%2F%2Fregistry.nlark.com%2F%40babel%2Fruntime%2Fdownload%2F%40babel%2Fruntime-7.14.6.tgz",
			"integrity": "sha1-U1IDvAiS78fexgvcJ7Ls9uQJBi0=",
			"requires": {
				"regenerator-runtime": "^0.13.4"
			}
		},
		"@types/history": {
			"version": "4.7.8",
			"resolved": "https://registry.nlark.com/@types/history/download/@types/history-4.7.8.tgz",
			"integrity": "sha1-STSDh5gwdXBf6PTgL7Z/farsSTQ=",
			"dev": true
		},
		"@types/node": {
			"version": "15.14.1",
			"resolved": "https://registry.nlark.com/@types/node/download/@types/node-15.14.1.tgz",
			"integrity": "sha1-T502iVMkmf3aHImOGfRZNxhlXjY=",
			"dev": true
		},
		"@types/prop-types": {
			"version": "15.7.3",
			"resolved": "https://registry.nlark.com/@types/prop-types/download/@types/prop-types-15.7.3.tgz",
			"integrity": "sha1-KrDV2i5YFflLC51LldHl8kOrLKc=",
			"dev": true
		},
		"@types/react": {
			"version": "17.0.13",
			"resolved": "https://registry.nlark.com/@types/react/download/@types/react-17.0.13.tgz?cache=0&sync_timestamp=1625135613102&other_urls=https%3A%2F%2Fregistry.nlark.com%2F%40types%2Freact%2Fdownload%2F%40types%2Freact-17.0.13.tgz",
			"integrity": "sha1-a3yajyhoWGrYfZQcAjN8aIj7h08=",
			"dev": true,
			"requires": {
				"@types/prop-types": "*",
				"@types/scheduler": "*",
				"csstype": "^3.0.2"
			}
		},
		"@types/react-dom": {
			"version": "17.0.8",
			"resolved": "https://registry.nlark.com/@types/react-dom/download/@types/react-dom-17.0.8.tgz",
			"integrity": "sha1-MYDebXm/U3YgAa2FTjzknzbdcfw=",
			"dev": true,
			"requires": {
				"@types/react": "*"
			}
		},
		"@types/react-router": {
			"version": "5.1.15",
			"resolved": "https://registry.nlark.com/@types/react-router/download/@types/react-router-5.1.15.tgz?cache=0&sync_timestamp=1623056609305&other_urls=https%3A%2F%2Fregistry.nlark.com%2F%40types%2Freact-router%2Fdownload%2F%40types%2Freact-router-5.1.15.tgz",
			"integrity": "sha1-wQaeDaRhf9MV44G1axi4lJDhTio=",
			"dev": true,
			"requires": {
				"@types/history": "*",
				"@types/react": "*"
			}
		},
		"@types/react-router-config": {
			"version": "5.0.2",
			"resolved": "https://registry.nlark.com/@types/react-router-config/download/@types/react-router-config-5.0.2.tgz?cache=0&sync_timestamp=1621242448536&other_urls=https%3A%2F%2Fregistry.nlark.com%2F%40types%2Freact-router-config%2Fdownload%2F%40types%2Freact-router-config-5.0.2.tgz",
			"integrity": "sha1-TTtS5x7TY6GXahIyHmewmpmtbRA=",
			"dev": true,
			"requires": {
				"@types/history": "*",
				"@types/react": "*",
				"@types/react-router": "*"
			}
		},
		"@types/react-router-dom": {
			"version": "5.1.7",
			"resolved": "https://registry.nlark.com/@types/react-router-dom/download/@types/react-router-dom-5.1.7.tgz",
			"integrity": "sha1-oSbZ6nYHn/u9sNkiUHPrV5ercnE=",
			"dev": true,
			"requires": {
				"@types/history": "*",
				"@types/react": "*",
				"@types/react-router": "*"
			}
		},
		"@types/scheduler": {
			"version": "0.16.1",
			"resolved": "https://registry.nlark.com/@types/scheduler/download/@types/scheduler-0.16.1.tgz?cache=0&sync_timestamp=1621242658440&other_urls=https%3A%2F%2Fregistry.nlark.com%2F%40types%2Fscheduler%2Fdownload%2F%40types%2Fscheduler-0.16.1.tgz",
			"integrity": "sha1-GIRSBehv8AOFF6q3oYpiprn3EnU=",
			"dev": true
		},
		"asap": {
			"version": "2.0.6",
			"resolved": "https://registry.npm.taobao.org/asap/download/asap-2.0.6.tgz",
			"integrity": "sha1-5QNHYR1+aQlDIIu9r+vLwvuGbUY="
		},
		"axios": {
			"version": "0.21.1",
			"resolved": "https://registry.npm.taobao.org/axios/download/axios-0.21.1.tgz?cache=0&sync_timestamp=1608611162952&other_urls=https%3A%2F%2Fregistry.npm.taobao.org%2Faxios%2Fdownload%2Faxios-0.21.1.tgz",
			"integrity": "sha1-IlY0gZYvTWvemnbVFu8OXTwJsrg=",
			"requires": {
				"follow-redirects": "^1.10.0"
			}
		},
		"babel-polyfill": {
			"version": "6.26.0",
			"resolved": "https://registry.npm.taobao.org/babel-polyfill/download/babel-polyfill-6.26.0.tgz",
			"integrity": "sha1-N5k3q8Z9eJWXCtxiHyhM2WbPIVM=",
			"requires": {
				"babel-runtime": "^6.26.0",
				"core-js": "^2.5.0",
				"regenerator-runtime": "^0.10.5"
			},
			"dependencies": {
				"regenerator-runtime": {
					"version": "0.10.5",
					"resolved": "https://registry.npm.taobao.org/regenerator-runtime/download/regenerator-runtime-0.10.5.tgz",
					"integrity": "sha1-M2w+/BIgrc7dosn6tntaeVWjNlg="
				}
			}
		},
		"babel-runtime": {
			"version": "6.26.0",
			"resolved": "https://registry.npm.taobao.org/babel-runtime/download/babel-runtime-6.26.0.tgz",
			"integrity": "sha1-llxwWGaOgrVde/4E/yM3vItWR/4=",
			"requires": {
				"core-js": "^2.4.0",
				"regenerator-runtime": "^0.11.0"
			},
			"dependencies": {
				"regenerator-runtime": {
					"version": "0.11.1",
					"resolved": "https://registry.npm.taobao.org/regenerator-runtime/download/regenerator-runtime-0.11.1.tgz",
					"integrity": "sha1-vgWtf5v30i4Fb5cmzuUBf78Z4uk="
				}
			}
		},
		"browser-or-node": {
			"version": "1.3.0",
			"resolved": "https://registry.npm.taobao.org/browser-or-node/download/browser-or-node-1.3.0.tgz",
			"integrity": "sha1-8qToVo9gJjBQpnFLLMI2u5dmR6c="
		},
		"classnames": {
			"version": "2.3.1",
			"resolved": "https://registry.nlark.com/classnames/download/classnames-2.3.1.tgz?cache=0&sync_timestamp=1618846966125&other_urls=https%3A%2F%2Fregistry.nlark.com%2Fclassnames%2Fdownload%2Fclassnames-2.3.1.tgz",
			"integrity": "sha1-38+jiR4wbsHa0QXQ6I9EF7hTXo4="
		},
		"commander": {
			"version": "8.0.0",
			"resolved": "https://registry.nlark.com/commander/download/commander-8.0.0.tgz?cache=0&sync_timestamp=1624609539421&other_urls=https%3A%2F%2Fregistry.nlark.com%2Fcommander%2Fdownload%2Fcommander-8.0.0.tgz",
			"integrity": "sha1-HaITlUjK71m9I+ZtGJCN+1SwIlg="
		},
		"copy-anything": {
			"version": "2.0.3",
			"resolved": "https://registry.npm.taobao.org/copy-anything/download/copy-anything-2.0.3.tgz",
			"integrity": "sha1-hCQHugJGaw34RIGbvjuuu+XUXYc=",
			"dev": true,
			"requires": {
				"is-what": "^3.12.0"
			}
		},
		"core-js": {
			"version": "2.6.12",
			"resolved": "https://registry.nlark.com/core-js/download/core-js-2.6.12.tgz?cache=0&sync_timestamp=1624966102256&other_urls=https%3A%2F%2Fregistry.nlark.com%2Fcore-js%2Fdownload%2Fcore-js-2.6.12.tgz",
			"integrity": "sha1-2TM9+nsGXjR8xWgiGdb2kIWcwuw="
		},
		"create-react-class": {
			"version": "15.7.0",
			"resolved": "https://registry.npm.taobao.org/create-react-class/download/create-react-class-15.7.0.tgz?cache=0&sync_timestamp=1602801795820&other_urls=https%3A%2F%2Fregistry.npm.taobao.org%2Fcreate-react-class%2Fdownload%2Fcreate-react-class-15.7.0.tgz",
			"integrity": "sha1-dJnXyi5pu1HRP69ZvQTwxlodbB4=",
			"requires": {
				"loose-envify": "^1.3.1",
				"object-assign": "^4.1.1"
			}
		},
		"csstype": {
			"version": "3.0.8",
			"resolved": "https://registry.nlark.com/csstype/download/csstype-3.0.8.tgz",
			"integrity": "sha1-0iZqeScp+yJ80hb7Vy9Dco4a00A=",
			"dev": true
		},
		"debug": {
			"version": "3.2.7",
			"resolved": "https://registry.npm.taobao.org/debug/download/debug-3.2.7.tgz?cache=0&sync_timestamp=1607566571506&other_urls=https%3A%2F%2Fregistry.npm.taobao.org%2Fdebug%2Fdownload%2Fdebug-3.2.7.tgz",
			"integrity": "sha1-clgLfpFF+zm2Z2+cXl+xALk0F5o=",
			"dev": true,
			"optional": true,
			"requires": {
				"ms": "^2.1.1"
			}
		},
		"encoding": {
			"version": "0.1.13",
			"resolved": "https://registry.npm.taobao.org/encoding/download/encoding-0.1.13.tgz?cache=0&sync_timestamp=1594362934545&other_urls=https%3A%2F%2Fregistry.npm.taobao.org%2Fencoding%2Fdownload%2Fencoding-0.1.13.tgz",
			"integrity": "sha1-VldK/deR9UqOmyeFwFgqLSYhD6k=",
			"requires": {
				"iconv-lite": "^0.6.2"
			},
			"dependencies": {
				"iconv-lite": {
					"version": "0.6.3",
					"resolved": "https://registry.nlark.com/iconv-lite/download/iconv-lite-0.6.3.tgz",
					"integrity": "sha1-pS+AvzjaGVLrXGgXkHGYcaGnJQE=",
					"requires": {
						"safer-buffer": ">= 2.1.2 < 3.0.0"
					}
				}
			}
		},
		"errno": {
			"version": "0.1.8",
			"resolved": "https://registry.npm.taobao.org/errno/download/errno-0.1.8.tgz",
			"integrity": "sha1-i7Ppx9Rjvkl2/4iPdrSAnrwugR8=",
			"dev": true,
			"optional": true,
			"requires": {
				"prr": "~1.0.1"
			}
		},
		"fbjs": {
			"version": "0.8.17",
			"resolved": "https://registry.npm.taobao.org/fbjs/download/fbjs-0.8.17.tgz?cache=0&sync_timestamp=1602048886093&other_urls=https%3A%2F%2Fregistry.npm.taobao.org%2Ffbjs%2Fdownload%2Ffbjs-0.8.17.tgz",
			"integrity": "sha1-xNWY6taUkRJlPWWIsBpc3Nn5D90=",
			"requires": {
				"core-js": "^1.0.0",
				"isomorphic-fetch": "^2.1.1",
				"loose-envify": "^1.0.0",
				"object-assign": "^4.1.0",
				"promise": "^7.1.1",
				"setimmediate": "^1.0.5",
				"ua-parser-js": "^0.7.18"
			},
			"dependencies": {
				"core-js": {
					"version": "1.2.7",
					"resolved": "https://registry.nlark.com/core-js/download/core-js-1.2.7.tgz?cache=0&sync_timestamp=1624966102256&other_urls=https%3A%2F%2Fregistry.nlark.com%2Fcore-js%2Fdownload%2Fcore-js-1.2.7.tgz",
					"integrity": "sha1-ZSKUwUZR2yj6k70tX/KYOk8IxjY="
				}
			}
		},
		"follow-redirects": {
			"version": "1.14.1",
			"resolved": "https://registry.nlark.com/follow-redirects/download/follow-redirects-1.14.1.tgz?cache=0&sync_timestamp=1620555292056&other_urls=https%3A%2F%2Fregistry.nlark.com%2Ffollow-redirects%2Fdownload%2Ffollow-redirects-1.14.1.tgz",
			"integrity": "sha1-2RFN7Qoc/dM04WTmZirQK/2R/0M="
		},
		"graceful-fs": {
			"version": "4.2.6",
			"resolved": "https://registry.npm.taobao.org/graceful-fs/download/graceful-fs-4.2.6.tgz",
			"integrity": "sha1-/wQLKwhTsjw9MQJ1I3BvGIXXa+4=",
			"dev": true,
			"optional": true
		},
		"history": {
			"version": "4.10.1",
			"resolved": "https://registry.nlark.com/history/download/history-4.10.1.tgz",
			"integrity": "sha1-MzcaZeOoOyZ0NOKz87G0xYqtTPM=",
			"requires": {
				"@babel/runtime": "^7.1.2",
				"loose-envify": "^1.2.0",
				"resolve-pathname": "^3.0.0",
				"tiny-invariant": "^1.0.2",
				"tiny-warning": "^1.0.0",
				"value-equal": "^1.0.1"
			}
		},
		"hoist-non-react-statics": {
			"version": "3.3.2",
			"resolved": "https://registry.npm.taobao.org/hoist-non-react-statics/download/hoist-non-react-statics-3.3.2.tgz?cache=0&sync_timestamp=1596721617088&other_urls=https%3A%2F%2Fregistry.npm.taobao.org%2Fhoist-non-react-statics%2Fdownload%2Fhoist-non-react-statics-3.3.2.tgz",
			"integrity": "sha1-7OCsr3HWLClpwuxZ/v9CpLGoW0U=",
			"requires": {
				"react-is": "^16.7.0"
			}
		},
		"iconv-lite": {
			"version": "0.4.24",
			"resolved": "https://registry.nlark.com/iconv-lite/download/iconv-lite-0.4.24.tgz",
			"integrity": "sha1-ICK0sl+93CHS9SSXSkdKr+czkIs=",
			"dev": true,
			"optional": true,
			"requires": {
				"safer-buffer": ">= 2.1.2 < 3"
			}
		},
		"image-size": {
			"version": "0.5.5",
			"resolved": "https://registry.nlark.com/image-size/download/image-size-0.5.5.tgz",
			"integrity": "sha1-Cd/Uq50g4p6xw+gLiZA3jfnjy5w=",
			"dev": true,
			"optional": true
		},
		"is-stream": {
			"version": "1.1.0",
			"resolved": "https://registry.npm.taobao.org/is-stream/download/is-stream-1.1.0.tgz",
			"integrity": "sha1-EtSj3U5o4Lec6428hBc66A2RykQ="
		},
		"is-what": {
			"version": "3.14.1",
			"resolved": "https://registry.npm.taobao.org/is-what/download/is-what-3.14.1.tgz?cache=0&sync_timestamp=1615169639418&other_urls=https%3A%2F%2Fregistry.npm.taobao.org%2Fis-what%2Fdownload%2Fis-what-3.14.1.tgz",
			"integrity": "sha1-4SIvRt3ahd6tD9HJ3xMXYOd3VcE=",
			"dev": true
		},
		"isarray": {
			"version": "0.0.1",
			"resolved": "https://registry.npm.taobao.org/isarray/download/isarray-0.0.1.tgz",
			"integrity": "sha1-ihis/Kmo9Bd+Cav8YDiTmwXR7t8="
		},
		"isomorphic-fetch": {
			"version": "2.2.1",
			"resolved": "https://registry.npm.taobao.org/isomorphic-fetch/download/isomorphic-fetch-2.2.1.tgz?cache=0&sync_timestamp=1600844260369&other_urls=https%3A%2F%2Fregistry.npm.taobao.org%2Fisomorphic-fetch%2Fdownload%2Fisomorphic-fetch-2.2.1.tgz",
			"integrity": "sha1-YRrhrPFPXoH3KVB0coGf6XM1WKk=",
			"requires": {
				"node-fetch": "^1.0.1",
				"whatwg-fetch": ">=0.10.0"
			}
		},
		"js-tokens": {
			"version": "4.0.0",
			"resolved": "https://registry.nlark.com/js-tokens/download/js-tokens-4.0.0.tgz",
			"integrity": "sha1-GSA/tZmR35jjoocFDUZHzerzJJk="
		},
		"less": {
			"version": "4.1.1",
			"resolved": "https://registry.npm.taobao.org/less/download/less-4.1.1.tgz",
			"integrity": "sha1-Fb8lOpk5eR3GkIiMP/Qk8+bH7bo=",
			"dev": true,
			"requires": {
				"copy-anything": "^2.0.1",
				"errno": "^0.1.1",
				"graceful-fs": "^4.1.2",
				"image-size": "~0.5.0",
				"make-dir": "^2.1.0",
				"mime": "^1.4.1",
				"needle": "^2.5.2",
				"parse-node-version": "^1.0.1",
				"source-map": "~0.6.0",
				"tslib": "^1.10.0"
			}
		},
		"lodash": {
			"version": "4.17.21",
			"resolved": "https://registry.npm.taobao.org/lodash/download/lodash-4.17.21.tgz?cache=0&sync_timestamp=1613835817439&other_urls=https%3A%2F%2Fregistry.npm.taobao.org%2Flodash%2Fdownload%2Flodash-4.17.21.tgz",
			"integrity": "sha1-Z5WRxWTDv/quhFTPCz3zcMPWkRw="
		},
		"loose-envify": {
			"version": "1.4.0",
			"resolved": "https://registry.npm.taobao.org/loose-envify/download/loose-envify-1.4.0.tgz",
			"integrity": "sha1-ce5R+nvkyuwaY4OffmgtgTLTDK8=",
			"requires": {
				"js-tokens": "^3.0.0 || ^4.0.0"
			}
		},
		"make-dir": {
			"version": "2.1.0",
			"resolved": "https://registry.npm.taobao.org/make-dir/download/make-dir-2.1.0.tgz",
			"integrity": "sha1-XwMQ4YuL6JjMBwCSlaMK5B6R5vU=",
			"dev": true,
			"optional": true,
			"requires": {
				"pify": "^4.0.1",
				"semver": "^5.6.0"
			}
		},
		"mime": {
			"version": "1.6.0",
			"resolved": "https://registry.npm.taobao.org/mime/download/mime-1.6.0.tgz?cache=0&sync_timestamp=1613584838235&other_urls=https%3A%2F%2Fregistry.npm.taobao.org%2Fmime%2Fdownload%2Fmime-1.6.0.tgz",
			"integrity": "sha1-Ms2eXGRVO9WNGaVor0Uqz/BJgbE=",
			"dev": true,
			"optional": true
		},
		"mini-create-react-context": {
			"version": "0.4.1",
			"resolved": "https://registry.npm.taobao.org/mini-create-react-context/download/mini-create-react-context-0.4.1.tgz?cache=0&sync_timestamp=1603392178687&other_urls=https%3A%2F%2Fregistry.npm.taobao.org%2Fmini-create-react-context%2Fdownload%2Fmini-create-react-context-0.4.1.tgz",
			"integrity": "sha1-ByFxVhv9ySLaCKYMIZekl8wtHV4=",
			"requires": {
				"@babel/runtime": "^7.12.1",
				"tiny-warning": "^1.0.3"
			}
		},
		"mobx-persist": {
			"version": "0.4.1",
			"resolved": "https://registry.npm.taobao.org/mobx-persist/download/mobx-persist-0.4.1.tgz",
			"integrity": "sha1-/leQ7aBODuC5HFEtE0cQTgk2P5o=",
			"requires": {
				"serializr": "^1.1.11"
			}
		},
		"mobx-react": {
			"version": "7.2.0",
			"resolved": "https://registry.nlark.com/mobx-react/download/mobx-react-7.2.0.tgz",
			"integrity": "sha1-JB6SXpY7uDox0mn2X583njfsuus=",
			"requires": {
				"mobx-react-lite": "^3.2.0"
			}
		},
		"mobx-react-lite": {
			"version": "3.2.0",
			"resolved": "https://registry.npm.taobao.org/mobx-react-lite/download/mobx-react-lite-3.2.0.tgz",
			"integrity": "sha1-Mx1zZaawUzeN/pwIcxW05Bxd9p8="
		},
		"mockjs": {
			"version": "1.1.0",
			"resolved": "https://registry.npm.taobao.org/mockjs/download/mockjs-1.1.0.tgz?cache=0&sync_timestamp=1571970335876&other_urls=https%3A%2F%2Fregistry.npm.taobao.org%2Fmockjs%2Fdownload%2Fmockjs-1.1.0.tgz",
			"integrity": "sha1-5qDDeOkZBtuv8gkRzAJzs8fXWwY=",
			"requires": {
				"commander": "*"
			}
		},
		"monaco-editor": {
			"version": "0.25.2",
			"resolved": "https://registry.nlark.com/monaco-editor/download/monaco-editor-0.25.2.tgz",
			"integrity": "sha1-EZ4rFbvZaKGpnAPKycMpMW18N+k="
		},
		"ms": {
			"version": "2.1.3",
			"resolved": "https://registry.npm.taobao.org/ms/download/ms-2.1.3.tgz?cache=0&sync_timestamp=1607433872491&other_urls=https%3A%2F%2Fregistry.npm.taobao.org%2Fms%2Fdownload%2Fms-2.1.3.tgz",
			"integrity": "sha1-V0yBOM4dK1hh8LRFedut1gxmFbI=",
			"dev": true,
			"optional": true
		},
		"needle": {
			"version": "2.7.0",
			"resolved": "https://registry.nlark.com/needle/download/needle-2.7.0.tgz?cache=0&sync_timestamp=1625234099062&other_urls=https%3A%2F%2Fregistry.nlark.com%2Fneedle%2Fdownload%2Fneedle-2.7.0.tgz",
			"integrity": "sha1-kOAguaHjMlP88AnSKSexMMiy/Ys=",
			"dev": true,
			"optional": true,
			"requires": {
				"debug": "^3.2.6",
				"iconv-lite": "^0.4.4",
				"sax": "^1.2.4"
			}
		},
		"node-fetch": {
			"version": "1.7.3",
			"resolved": "https://registry.npm.taobao.org/node-fetch/download/node-fetch-1.7.3.tgz?cache=0&sync_timestamp=1599309667528&other_urls=https%3A%2F%2Fregistry.npm.taobao.org%2Fnode-fetch%2Fdownload%2Fnode-fetch-1.7.3.tgz",
			"integrity": "sha1-mA9vcthSEaU0fGsrwYxbhMPrR+8=",
			"requires": {
				"encoding": "^0.1.11",
				"is-stream": "^1.0.1"
			}
		},
		"object-assign": {
			"version": "4.1.1",
			"resolved": "https://registry.npm.taobao.org/object-assign/download/object-assign-4.1.1.tgz",
			"integrity": "sha1-IQmtx5ZYh8/AXLvUQsrIv7s2CGM="
		},
		"parse-node-version": {
			"version": "1.0.1",
			"resolved": "https://registry.npm.taobao.org/parse-node-version/download/parse-node-version-1.0.1.tgz",
			"integrity": "sha1-4rXb7eAOf6m8NjYH9TMn6LBzGJs=",
			"dev": true
		},
		"path-to-regexp": {
			"version": "1.8.0",
			"resolved": "https://registry.npm.taobao.org/path-to-regexp/download/path-to-regexp-1.8.0.tgz?cache=0&other_urls=https%3A%2F%2Fregistry.npm.taobao.org%2Fpath-to-regexp%2Fdownload%2Fpath-to-regexp-1.8.0.tgz",
			"integrity": "sha1-iHs7qdhDk+h6CgufTLdWGYtTVIo=",
			"requires": {
				"isarray": "0.0.1"
			}
		},
		"pify": {
			"version": "4.0.1",
			"resolved": "https://registry.npm.taobao.org/pify/download/pify-4.0.1.tgz?cache=0&sync_timestamp=1593529716831&other_urls=https%3A%2F%2Fregistry.npm.taobao.org%2Fpify%2Fdownload%2Fpify-4.0.1.tgz",
			"integrity": "sha1-SyzSXFDVmHNcUCkiJP2MbfQeMjE=",
			"dev": true,
			"optional": true
		},
		"promise": {
			"version": "7.3.1",
			"resolved": "https://registry.npm.taobao.org/promise/download/promise-7.3.1.tgz",
			"integrity": "sha1-BktyYCsY+Q8pGSuLG8QY/9Hr078=",
			"requires": {
				"asap": "~2.0.3"
			}
		},
		"prop-types": {
			"version": "15.7.2",
			"resolved": "https://registry.npm.taobao.org/prop-types/download/prop-types-15.7.2.tgz",
			"integrity": "sha1-UsQedbjIfnK52TYOAga5ncv/psU=",
			"requires": {
				"loose-envify": "^1.4.0",
				"object-assign": "^4.1.1",
				"react-is": "^16.8.1"
			}
		},
		"prr": {
			"version": "1.0.1",
			"resolved": "https://registry.npm.taobao.org/prr/download/prr-1.0.1.tgz",
			"integrity": "sha1-0/wRS6BplaRexok/SEzrHXj19HY=",
			"dev": true,
			"optional": true
		},
		"react": {
			"version": "17.0.2",
			"resolved": "https://registry.nlark.com/react/download/react-17.0.2.tgz?cache=0&sync_timestamp=1625242711763&other_urls=https%3A%2F%2Fregistry.nlark.com%2Freact%2Fdownload%2Freact-17.0.2.tgz",
			"integrity": "sha1-0LXMUW0p6z7uOD91tihkz7aAADc=",
			"requires": {
				"loose-envify": "^1.1.0",
				"object-assign": "^4.1.1"
			}
		},
		"react-animated-css": {
			"version": "1.2.1",
			"resolved": "https://registry.nlark.com/react-animated-css/download/react-animated-css-1.2.1.tgz",
			"integrity": "sha1-Yom+ydVgJUeRp/XE+g+Z4B7wo6I=",
			"requires": {
				"babel-polyfill": "^6.23.0",
				"browser-or-node": "^1.0.2",
				"classnames": "^2.2.5",
				"lodash": "^4.17.11",
				"prop-types": "^15.5.10",
				"react": "^15.6.1"
			},
			"dependencies": {
				"react": {
					"version": "15.7.0",
					"resolved": "https://registry.nlark.com/react/download/react-15.7.0.tgz?cache=0&sync_timestamp=1625242711763&other_urls=https%3A%2F%2Fregistry.nlark.com%2Freact%2Fdownload%2Freact-15.7.0.tgz",
					"integrity": "sha1-EDCP1CrGkSolC/ADgHUavEGscQY=",
					"requires": {
						"create-react-class": "^15.6.0",
						"fbjs": "^0.8.9",
						"loose-envify": "^1.1.0",
						"object-assign": "^4.1.0",
						"prop-types": "^15.5.10"
					}
				}
			}
		},
		"react-dom": {
			"version": "17.0.2",
			"resolved": "https://registry.nlark.com/react-dom/download/react-dom-17.0.2.tgz",
			"integrity": "sha1-7P+2hF462Nv83EmPDQqTlzZQLCM=",
			"requires": {
				"loose-envify": "^1.1.0",
				"object-assign": "^4.1.1",
				"scheduler": "^0.20.2"
			}
		},
		"react-is": {
			"version": "16.13.1",
			"resolved": "https://registry.nlark.com/react-is/download/react-is-16.13.1.tgz?cache=0&sync_timestamp=1625242714499&other_urls=https%3A%2F%2Fregistry.nlark.com%2Freact-is%2Fdownload%2Freact-is-16.13.1.tgz",
			"integrity": "sha1-eJcppNw23imZ3BVt1sHZwYzqVqQ="
		},
		"react-monaco-editor": {
			"version": "0.43.0",
			"resolved": "https://registry.npm.taobao.org/react-monaco-editor/download/react-monaco-editor-0.43.0.tgz",
			"integrity": "sha1-SVV4Rw23snqzBq+BOzHyBqa/nRw=",
			"requires": {
				"monaco-editor": "*",
				"prop-types": "^15.7.2"
			}
		},
		"react-router": {
			"version": "5.2.0",
			"resolved": "https://registry.nlark.com/react-router/download/react-router-5.2.0.tgz",
			"integrity": "sha1-Qk51ZByodH+/duXsyml4GqN+opM=",
			"requires": {
				"@babel/runtime": "^7.1.2",
				"history": "^4.9.0",
				"hoist-non-react-statics": "^3.1.0",
				"loose-envify": "^1.3.1",
				"mini-create-react-context": "^0.4.0",
				"path-to-regexp": "^1.7.0",
				"prop-types": "^15.6.2",
				"react-is": "^16.6.0",
				"tiny-invariant": "^1.0.2",
				"tiny-warning": "^1.0.0"
			}
		},
		"react-router-config": {
			"version": "5.1.1",
			"resolved": "https://registry.npm.taobao.org/react-router-config/download/react-router-config-5.1.1.tgz",
			"integrity": "sha1-D0Jj0agMay3HucGQLJUmR4GUqYg=",
			"requires": {
				"@babel/runtime": "^7.1.2"
			}
		},
		"react-router-dom": {
			"version": "5.2.0",
			"resolved": "https://registry.nlark.com/react-router-dom/download/react-router-dom-5.2.0.tgz",
			"integrity": "sha1-nmWk0MReEyieZsexfH4XXQ6hVmI=",
			"dev": true,
			"requires": {
				"@babel/runtime": "^7.1.2",
				"history": "^4.9.0",
				"loose-envify": "^1.3.1",
				"prop-types": "^15.6.2",
				"react-router": "5.2.0",
				"tiny-invariant": "^1.0.2",
				"tiny-warning": "^1.0.0"
			}
		},
		"regenerator-runtime": {
			"version": "0.13.7",
			"resolved": "https://registry.npm.taobao.org/regenerator-runtime/download/regenerator-runtime-0.13.7.tgz",
			"integrity": "sha1-ysLazIoepnX+qrrriugziYrkb1U="
		},
		"resolve-pathname": {
			"version": "3.0.0",
			"resolved": "https://registry.npm.taobao.org/resolve-pathname/download/resolve-pathname-3.0.0.tgz",
			"integrity": "sha1-mdAiJNPPJjaJvsuzk7xWAxMCXc0="
		},
		"safer-buffer": {
			"version": "2.1.2",
			"resolved": "https://registry.npm.taobao.org/safer-buffer/download/safer-buffer-2.1.2.tgz",
			"integrity": "sha1-RPoWGwGHuVSd2Eu5GAL5vYOFzWo="
		},
		"sax": {
			"version": "1.2.4",
			"resolved": "https://registry.npm.taobao.org/sax/download/sax-1.2.4.tgz",
			"integrity": "sha1-KBYjTiN4vdxOU1T6tcqold9xANk=",
			"dev": true,
			"optional": true
		},
		"scheduler": {
			"version": "0.20.2",
			"resolved": "https://registry.nlark.com/scheduler/download/scheduler-0.20.2.tgz?cache=0&other_urls=https%3A%2F%2Fregistry.nlark.com%2Fscheduler%2Fdownload%2Fscheduler-0.20.2.tgz",
			"integrity": "sha1-S67jlDbjSqk7SHS93L8P6Li1DpE=",
			"requires": {
				"loose-envify": "^1.1.0",
				"object-assign": "^4.1.1"
			}
		},
		"semver": {
			"version": "5.7.1",
			"resolved": "https://registry.npm.taobao.org/semver/download/semver-5.7.1.tgz?cache=0&sync_timestamp=1616463603361&other_urls=https%3A%2F%2Fregistry.npm.taobao.org%2Fsemver%2Fdownload%2Fsemver-5.7.1.tgz",
			"integrity": "sha1-qVT5Ma66UI0we78Gnv8MAclhFvc=",
			"dev": true,
			"optional": true
		},
		"serializr": {
			"version": "1.5.4",
			"resolved": "https://registry.nlark.com/serializr/download/serializr-1.5.4.tgz",
			"integrity": "sha1-Pd8ct7RGXJw/crqwy8QeCdvlDDM="
		},
		"setimmediate": {
			"version": "1.0.5",
			"resolved": "https://registry.npm.taobao.org/setimmediate/download/setimmediate-1.0.5.tgz",
			"integrity": "sha1-KQy7Iy4waULX1+qbg3Mqt4VvgoU="
		},
		"source-map": {
			"version": "0.6.1",
			"resolved": "https://registry.npm.taobao.org/source-map/download/source-map-0.6.1.tgz",
			"integrity": "sha1-dHIq8y6WFOnCh6jQu95IteLxomM=",
			"dev": true,
			"optional": true
		},
		"tiny-invariant": {
			"version": "1.1.0",
			"resolved": "https://registry.npm.taobao.org/tiny-invariant/download/tiny-invariant-1.1.0.tgz",
			"integrity": "sha1-Y0xfjv3CdxS384bDXmdgmR0jCHU="
		},
		"tiny-warning": {
			"version": "1.0.3",
			"resolved": "https://registry.npm.taobao.org/tiny-warning/download/tiny-warning-1.0.3.tgz",
			"integrity": "sha1-lKMNtFPfTGQ9D9VmBg1gqHXYR1Q="
		},
		"tslib": {
			"version": "1.14.1",
			"resolved": "https://registry.nlark.com/tslib/download/tslib-1.14.1.tgz",
			"integrity": "sha1-zy04vcNKE0vK8QkcQfZhni9nLQA=",
			"dev": true
		},
		"typescript": {
			"version": "4.3.5",
			"resolved": "https://registry.nlark.com/typescript/download/typescript-4.3.5.tgz",
			"integrity": "sha1-TRw3zBbok5c8RaBohrcRMjTxGfQ=",
			"dev": true
		},
		"ua-parser-js": {
			"version": "0.7.28",
			"resolved": "https://registry.nlark.com/ua-parser-js/download/ua-parser-js-0.7.28.tgz",
			"integrity": "sha1-i6BOZT81ziECOcZGYWhb+RId7DE="
		},
		"value-equal": {
			"version": "1.0.1",
			"resolved": "https://registry.npm.taobao.org/value-equal/download/value-equal-1.0.1.tgz",
			"integrity": "sha1-Hgt5THNMXAyt4XnEN9NW2TGjTWw="
		},
		"whatwg-fetch": {
			"version": "3.6.2",
			"resolved": "https://registry.npm.taobao.org/whatwg-fetch/download/whatwg-fetch-3.6.2.tgz?cache=0&sync_timestamp=1614452092270&other_urls=https%3A%2F%2Fregistry.npm.taobao.org%2Fwhatwg-fetch%2Fdownload%2Fwhatwg-fetch-3.6.2.tgz",
			"integrity": "sha1-3O0k838mJO0CgXJdUdDi4/5nf4w="
		}
	}
}
